
Microsoft Visual Studio Solution File, Format Version 12.00
# Visual Studio Version 17
VisualStudioVersion = 17.11.35327.3
MinimumVisualStudioVersion = 10.0.40219.1
Project("{FAE04EC0-301F-11D3-BF4B-00C04F79EFBC}") = "Selezione", "Selezione.csproj", "{47360AAC-9CDE-4B90-BCB7-0AC2F6C495B2}"
EndProject
Global
	GlobalSection(SolutionConfigurationPlatforms) = preSolution
		Debug|Any CPU = Debug|Any CPU
		Release|Any CPU = Release|Any CPU
	EndGlobalSection
	GlobalSection(ProjectConfigurationPlatforms) = postSolution
		{47360AAC-9CDE-4B90-BCB7-0AC2F6C495B2}.Debug|Any CPU.ActiveCfg = Debug|Any CPU
		{47360AAC-9CDE-4B90-BCB7-0AC2F6C495B2}.Debug|Any CPU.Build.0 = Debug|Any CPU
		{47360AAC-9CDE-4B90-BCB7-0AC2F6C495B2}.Release|Any CPU.ActiveCfg = Release|Any CPU
		{47360AAC-9CDE-4B90-BCB7-0AC2F6C495B2}.Release|Any CPU.Build.0 = Release|Any CPU
	EndGlobalSection
	GlobalSection(SolutionProperties) = preSolution
		HideSolutionNode = FALSE
	EndGlobalSection
	GlobalSection(ExtensibilityGlobals) = postSolution
		SolutionGuid = {86E5C934-9402-4311-9CDB-90DCE6C07E6E}
	EndGlobalSection
EndGlobal
