
Microsoft Visual Studio Solution File, Format Version 12.00
# Visual Studio Version 17
VisualStudioVersion = 17.11.35327.3
MinimumVisualStudioVersion = 10.0.40219.1
Project("{FAE04EC0-301F-11D3-BF4B-00C04F79EFBC}") = "PrimoEsercizo", "PrimoEsercizo.csproj", "{E6D3AD55-335C-4B4F-862B-A8BC742E280E}"
EndProject
Global
	GlobalSection(SolutionConfigurationPlatforms) = preSolution
		Debug|Any CPU = Debug|Any CPU
		Release|Any CPU = Release|Any CPU
	EndGlobalSection
	GlobalSection(ProjectConfigurationPlatforms) = postSolution
		{E6D3AD55-335C-4B4F-862B-A8BC742E280E}.Debug|Any CPU.ActiveCfg = Debug|Any CPU
		{E6D3AD55-335C-4B4F-862B-A8BC742E280E}.Debug|Any CPU.Build.0 = Debug|Any CPU
		{E6D3AD55-335C-4B4F-862B-A8BC742E280E}.Release|Any CPU.ActiveCfg = Release|Any CPU
		{E6D3AD55-335C-4B4F-862B-A8BC742E280E}.Release|Any CPU.Build.0 = Release|Any CPU
	EndGlobalSection
	GlobalSection(SolutionProperties) = preSolution
		HideSolutionNode = FALSE
	EndGlobalSection
	GlobalSection(ExtensibilityGlobals) = postSolution
		SolutionGuid = {9898768C-E7C0-43B7-B711-E05AB313FE91}
	EndGlobalSection
EndGlobal
