
Microsoft Visual Studio Solution File, Format Version 12.00
# Visual Studio Version 17
VisualStudioVersion = 17.11.35327.3
MinimumVisualStudioVersion = 10.0.40219.1
Project("{FAE04EC0-301F-11D3-BF4B-00C04F79EFBC}") = "Giorno7Esercizio1", "Giorno7Esercizio1.csproj", "{5FD3F79D-4A04-4314-A2D7-43355BC5F9EB}"
EndProject
Global
	GlobalSection(SolutionConfigurationPlatforms) = preSolution
		Debug|Any CPU = Debug|Any CPU
		Release|Any CPU = Release|Any CPU
	EndGlobalSection
	GlobalSection(ProjectConfigurationPlatforms) = postSolution
		{5FD3F79D-4A04-4314-A2D7-43355BC5F9EB}.Debug|Any CPU.ActiveCfg = Debug|Any CPU
		{5FD3F79D-4A04-4314-A2D7-43355BC5F9EB}.Debug|Any CPU.Build.0 = Debug|Any CPU
		{5FD3F79D-4A04-4314-A2D7-43355BC5F9EB}.Release|Any CPU.ActiveCfg = Release|Any CPU
		{5FD3F79D-4A04-4314-A2D7-43355BC5F9EB}.Release|Any CPU.Build.0 = Release|Any CPU
	EndGlobalSection
	GlobalSection(SolutionProperties) = preSolution
		HideSolutionNode = FALSE
	EndGlobalSection
	GlobalSection(ExtensibilityGlobals) = postSolution
		SolutionGuid = {3E51A2D4-F9EA-4ACE-A087-2D93466AFBD0}
	EndGlobalSection
EndGlobal
